
Microsoft Visual Studio Solution File, Format Version 12.00
# Visual Studio Version 17
VisualStudioVersion = 17.10.35201.131
MinimumVisualStudioVersion = 10.0.40219.1
Project("{8BC9CEB8-8B4A-11D0-8D11-00A0C91BC942}") = "Base", "Base\Base.vcxproj", "{09242456-2AE4-483F-9E49-942DF092F756}"
EndProject
Project("{8BC9CEB8-8B4A-11D0-8D11-00A0C91BC942}") = "ConsoleClient", "ConsoleClient\ConsoleClient.vcxproj", "{D7F8F594-6A3C-4D9F-9319-B800CAD5893D}"
EndProject
Global
	GlobalSection(SolutionConfigurationPlatforms) = preSolution
		Debug|x64 = Debug|x64
		Debug|x86 = Debug|x86
		Release|x64 = Release|x64
		Release|x86 = Release|x86
	EndGlobalSection
	GlobalSection(ProjectConfigurationPlatforms) = postSolution
		{09242456-2AE4-483F-9E49-942DF092F756}.Debug|x64.ActiveCfg = Debug|x64
		{09242456-2AE4-483F-9E49-942DF092F756}.Debug|x64.Build.0 = Debug|x64
		{09242456-2AE4-483F-9E49-942DF092F756}.Debug|x86.ActiveCfg = Debug|Win32
		{09242456-2AE4-483F-9E49-942DF092F756}.Debug|x86.Build.0 = Debug|Win32
		{09242456-2AE4-483F-9E49-942DF092F756}.Release|x64.ActiveCfg = Release|x64
		{09242456-2AE4-483F-9E49-942DF092F756}.Release|x64.Build.0 = Release|x64
		{09242456-2AE4-483F-9E49-942DF092F756}.Release|x86.ActiveCfg = Release|Win32
		{09242456-2AE4-483F-9E49-942DF092F756}.Release|x86.Build.0 = Release|Win32
		{D7F8F594-6A3C-4D9F-9319-B800CAD5893D}.Debug|x64.ActiveCfg = Debug|x64
		{D7F8F594-6A3C-4D9F-9319-B800CAD5893D}.Debug|x64.Build.0 = Debug|x64
		{D7F8F594-6A3C-4D9F-9319-B800CAD5893D}.Debug|x86.ActiveCfg = Debug|Win32
		{D7F8F594-6A3C-4D9F-9319-B800CAD5893D}.Debug|x86.Build.0 = Debug|Win32
		{D7F8F594-6A3C-4D9F-9319-B800CAD5893D}.Release|x64.ActiveCfg = Release|x64
		{D7F8F594-6A3C-4D9F-9319-B800CAD5893D}.Release|x64.Build.0 = Release|x64
		{D7F8F594-6A3C-4D9F-9319-B800CAD5893D}.Release|x86.ActiveCfg = Release|Win32
		{D7F8F594-6A3C-4D9F-9319-B800CAD5893D}.Release|x86.Build.0 = Release|Win32
	EndGlobalSection
	GlobalSection(SolutionProperties) = preSolution
		HideSolutionNode = FALSE
	EndGlobalSection
	GlobalSection(ExtensibilityGlobals) = postSolution
		SolutionGuid = {AB986DE0-FA1C-4EEF-969F-787ED88629F4}
	EndGlobalSection
EndGlobal
